
Microsoft Visual Studio Solution File, Format Version 12.00
# Visual Studio Version 16
VisualStudioVersion = 16.0.31702.278
MinimumVisualStudioVersion = 10.0.40219.1
Project("{FAE04EC0-301F-11D3-BF4B-00C04F79EFBC}") = "HotelListing", "HotelListing\HotelListing.csproj", "{F1102F0B-BD69-476B-9A7B-8318C43E8DD8}"
EndProject
Global
	GlobalSection(SolutionConfigurationPlatforms) = preSolution
		Debug|Any CPU = Debug|Any CPU
		Release|Any CPU = Release|Any CPU
	EndGlobalSection
	GlobalSection(ProjectConfigurationPlatforms) = postSolution
		{F1102F0B-BD69-476B-9A7B-8318C43E8DD8}.Debug|Any CPU.ActiveCfg = Debug|Any CPU
		{F1102F0B-BD69-476B-9A7B-8318C43E8DD8}.Debug|Any CPU.Build.0 = Debug|Any CPU
		{F1102F0B-BD69-476B-9A7B-8318C43E8DD8}.Release|Any CPU.ActiveCfg = Release|Any CPU
		{F1102F0B-BD69-476B-9A7B-8318C43E8DD8}.Release|Any CPU.Build.0 = Release|Any CPU
	EndGlobalSection
	GlobalSection(SolutionProperties) = preSolution
		HideSolutionNode = FALSE
	EndGlobalSection
	GlobalSection(ExtensibilityGlobals) = postSolution
		SolutionGuid = {D7A80F4C-9AE7-4772-BAD1-71A52593FB14}
	EndGlobalSection
EndGlobal
